
Microsoft Visual Studio Solution File, Format Version 12.00
# Visual Studio Version 17
VisualStudioVersion = 17.14.37012.4 d17.14
MinimumVisualStudioVersion = 10.0.40219.1
Project("{FAE04EC0-301F-11D3-BF4B-00C04F79EFBC}") = "TP_MODUL6_103022400145", "TP_MODUL6_103022400145\TP_MODUL6_103022400145.csproj", "{526D2E4F-17B7-4B3A-8186-72F3593C5757}"
EndProject
Global
	GlobalSection(SolutionConfigurationPlatforms) = preSolution
		Debug|Any CPU = Debug|Any CPU
		Release|Any CPU = Release|Any CPU
	EndGlobalSection
	GlobalSection(ProjectConfigurationPlatforms) = postSolution
		{526D2E4F-17B7-4B3A-8186-72F3593C5757}.Debug|Any CPU.ActiveCfg = Debug|Any CPU
		{526D2E4F-17B7-4B3A-8186-72F3593C5757}.Debug|Any CPU.Build.0 = Debug|Any CPU
		{526D2E4F-17B7-4B3A-8186-72F3593C5757}.Release|Any CPU.ActiveCfg = Release|Any CPU
		{526D2E4F-17B7-4B3A-8186-72F3593C5757}.Release|Any CPU.Build.0 = Release|Any CPU
	EndGlobalSection
	GlobalSection(SolutionProperties) = preSolution
		HideSolutionNode = FALSE
	EndGlobalSection
	GlobalSection(ExtensibilityGlobals) = postSolution
		SolutionGuid = {CD697B8E-3CD8-4CFC-BE39-78FFBF59F814}
	EndGlobalSection
EndGlobal
